
Microsoft Visual Studio Solution File, Format Version 12.00
# Visual Studio 14
VisualStudioVersion = 14.0.25123.0
MinimumVisualStudioVersion = 10.0.40219.1
Project("{FAE04EC0-301F-11D3-BF4B-00C04F79EFBC}") = "OctaneMyItemsSyncService", "OctaneMyItemsSyncService\OctaneMyItemsSyncService.csproj", "{8E3F675C-7157-458F-BDB3-90E0C54E510E}"
EndProject
Project("{FAE04EC0-301F-11D3-BF4B-00C04F79EFBC}") = "OctaneMyItemsSyncServiceDemo", "OctaneMyItemsSyncServiceDemo\OctaneMyItemsSyncServiceDemo.csproj", "{F5F59C45-D267-4816-B512-5586A35423E1}"
EndProject
Global
	GlobalSection(SolutionConfigurationPlatforms) = preSolution
		Debug|Any CPU = Debug|Any CPU
		Release|Any CPU = Release|Any CPU
	EndGlobalSection
	GlobalSection(ProjectConfigurationPlatforms) = postSolution
		{8E3F675C-7157-458F-BDB3-90E0C54E510E}.Debug|Any CPU.ActiveCfg = Debug|Any CPU
		{8E3F675C-7157-458F-BDB3-90E0C54E510E}.Debug|Any CPU.Build.0 = Debug|Any CPU
		{8E3F675C-7157-458F-BDB3-90E0C54E510E}.Release|Any CPU.ActiveCfg = Release|Any CPU
		{8E3F675C-7157-458F-BDB3-90E0C54E510E}.Release|Any CPU.Build.0 = Release|Any CPU
		{F5F59C45-D267-4816-B512-5586A35423E1}.Debug|Any CPU.ActiveCfg = Debug|Any CPU
		{F5F59C45-D267-4816-B512-5586A35423E1}.Debug|Any CPU.Build.0 = Debug|Any CPU
		{F5F59C45-D267-4816-B512-5586A35423E1}.Release|Any CPU.ActiveCfg = Release|Any CPU
		{F5F59C45-D267-4816-B512-5586A35423E1}.Release|Any CPU.Build.0 = Release|Any CPU
	EndGlobalSection
	GlobalSection(SolutionProperties) = preSolution
		HideSolutionNode = FALSE
	EndGlobalSection
EndGlobal
